# @generated - this file is auto-generated by `mise lock` https://mise.jdx.dev/dev-tools/mise-lock.html

[[tools.bat]]
version = "0.26.1"
backend = "aqua:sharkdp/bat"

[tools.bat."platforms.linux-arm64"]
checksum = "sha256:6369242c584065f195fb20cb36fbd7cb63ae690605bbe89868a7596b596c2c23"
url = "https://github.com/sharkdp/bat/releases/download/v0.26.1/bat-v0.26.1-aarch64-unknown-linux-musl.tar.gz"
url_api = "https://api.github.com/repos/sharkdp/bat/releases/assets/323548153"

[tools.bat."platforms.linux-arm64-musl"]
checksum = "sha256:6369242c584065f195fb20cb36fbd7cb63ae690605bbe89868a7596b596c2c23"
url = "https://github.com/sharkdp/bat/releases/download/v0.26.1/bat-v0.26.1-aarch64-unknown-linux-musl.tar.gz"
url_api = "https://api.github.com/repos/sharkdp/bat/releases/assets/323548153"

[tools.bat."platforms.linux-x64"]
checksum = "sha256:0dcd8ac79732c0d5b136f11f4ee00e581440e16a44eab5b3105b611bbf2cf191"
url = "https://github.com/sharkdp/bat/releases/download/v0.26.1/bat-v0.26.1-x86_64-unknown-linux-musl.tar.gz"
url_api = "https://api.github.com/repos/sharkdp/bat/releases/assets/323549429"

[tools.bat."platforms.linux-x64-musl"]
checksum = "sha256:0dcd8ac79732c0d5b136f11f4ee00e581440e16a44eab5b3105b611bbf2cf191"
url = "https://github.com/sharkdp/bat/releases/download/v0.26.1/bat-v0.26.1-x86_64-unknown-linux-musl.tar.gz"
url_api = "https://api.github.com/repos/sharkdp/bat/releases/assets/323549429"

[tools.bat."platforms.macos-arm64"]
checksum = "sha256:e30beff26779c9bf60bb541e1d79046250cb74378f2757f8eb250afddb19e114"
url = "https://github.com/sharkdp/bat/releases/download/v0.26.1/bat-v0.26.1-aarch64-apple-darwin.tar.gz"
url_api = "https://api.github.com/repos/sharkdp/bat/releases/assets/323548442"

[tools.bat."platforms.macos-x64"]
checksum = "sha256:830d63b0bba1fa040542ec569e3cf77f60d3356b9de75116a344b061e0894245"
url = "https://github.com/sharkdp/bat/releases/download/v0.26.1/bat-v0.26.1-x86_64-apple-darwin.tar.gz"
url_api = "https://api.github.com/repos/sharkdp/bat/releases/assets/323549786"

[tools.bat."platforms.windows-x64"]
checksum = "sha256:0f729b4b6f5f28d395c641eacc2e9ff68d0096b85aa0eec344aa62425144b69b"
url = "https://github.com/sharkdp/bat/releases/download/v0.26.1/bat-v0.26.1-x86_64-pc-windows-msvc.zip"
url_api = "https://api.github.com/repos/sharkdp/bat/releases/assets/323549116"

[[tools.bottom]]
version = "0.14.9"
backend = "aqua:ClementTsang/bottom"

[tools.bottom."platforms.linux-arm64"]
checksum = "sha256:7b6d532f6a6af356970f4e8d7d3a792590485aa4a53ebf038e10d20366125533"
url = "https://github.com/ClementTsang/bottom/releases/download/0.14.9/bottom_aarch64-unknown-linux-musl.tar.gz"
url_api = "https://api.github.com/repos/ClementTsang/bottom/releases/assets/531978125"
provenance = "github-attestations"

[tools.bottom."platforms.linux-arm64-musl"]
checksum = "sha256:7b6d532f6a6af356970f4e8d7d3a792590485aa4a53ebf038e10d20366125533"
url = "https://github.com/ClementTsang/bottom/releases/download/0.14.9/bottom_aarch64-unknown-linux-musl.tar.gz"
url_api = "https://api.github.com/repos/ClementTsang/bottom/releases/assets/531978125"
provenance = "github-attestations"

[tools.bottom."platforms.linux-x64"]
checksum = "sha256:b4bee5b193e7d3f6e090ac14f0ca15acec2e7fe4ef64988e0bfc492e16c28c9a"
url = "https://github.com/ClementTsang/bottom/releases/download/0.14.9/bottom_x86_64-unknown-linux-musl.tar.gz"
url_api = "https://api.github.com/repos/ClementTsang/bottom/releases/assets/531978168"
provenance = "github-attestations"

[tools.bottom."platforms.linux-x64-musl"]
checksum = "sha256:b4bee5b193e7d3f6e090ac14f0ca15acec2e7fe4ef64988e0bfc492e16c28c9a"
url = "https://github.com/ClementTsang/bottom/releases/download/0.14.9/bottom_x86_64-unknown-linux-musl.tar.gz"
url_api = "https://api.github.com/repos/ClementTsang/bottom/releases/assets/531978168"
provenance = "github-attestations"

[tools.bottom."platforms.macos-arm64"]
checksum = "sha256:28358e19a3d62b3778fc0d1778b0028a682059145c9ac38ac5076bf124d77714"
url = "https://github.com/ClementTsang/bottom/releases/download/0.14.9/bottom_aarch64-apple-darwin.tar.gz"
url_api = "https://api.github.com/repos/ClementTsang/bottom/releases/assets/531978112"
provenance = "github-attestations"

[tools.bottom."platforms.macos-x64"]
checksum = "sha256:d0b1d446963ee3c4dfbfe2efd9614cfdc77f39e8268bf8cc2e0b5b6cea982774"
url = "https://github.com/ClementTsang/bottom/releases/download/0.14.9/bottom_x86_64-apple-darwin.tar.gz"
url_api = "https://api.github.com/repos/ClementTsang/bottom/releases/assets/531978144"
provenance = "github-attestations"

[tools.bottom."platforms.windows-x64"]
checksum = "sha256:01660721b0fdc72b191f2b27b78dc9a3087aeb7b3fad4a890c53870089d6b500"
url = "https://github.com/ClementTsang/bottom/releases/download/0.14.9/bottom_x86_64-pc-windows-msvc.zip"
url_api = "https://api.github.com/repos/ClementTsang/bottom/releases/assets/531978148"
provenance = "github-attestations"

[[tools.bun]]
version = "1.4.0"
backend = "core:bun"

[tools.bun."platforms.linux-arm64"]
checksum = "sha256:4b1a332ee861983eb93bcfe6f770fff94e3e31b2c388bdaea3c8ed35e58eed0e"
url = "https://github.com/oven-sh/bun/releases/download/bun-v1.4.0/bun-linux-aarch64.zip"

[tools.bun."platforms.linux-arm64-musl"]
checksum = "sha256:576300ce33ff16ffcd455bf178c2f095f9df845c6cc3d0284ba1c96ca0e80473"
url = "https://github.com/oven-sh/bun/releases/download/bun-v1.4.0/bun-linux-aarch64-musl.zip"

[tools.bun."platforms.linux-x64"]
checksum = "sha256:2d03fb5fb83ac8b567aca0a281b2ce1a1a19d488f56c2968d88c3f25e92fe452"
url = "https://github.com/oven-sh/bun/releases/download/bun-v1.4.0/bun-linux-x64.zip"

[tools.bun."platforms.linux-x64-baseline"]
checksum = "sha256:184fb4595f0d401a217cf7c78c1bc430ba83314dab7a8b94805babbf7fa7097f"
url = "https://github.com/oven-sh/bun/releases/download/bun-v1.4.0/bun-linux-x64-baseline.zip"

[tools.bun."platforms.linux-x64-musl"]
checksum = "sha256:83b5f12fd258dd8d4fdcaea65ede954366aa717dab399e20093ecab280d54e7a"
url = "https://github.com/oven-sh/bun/releases/download/bun-v1.4.0/bun-linux-x64-musl.zip"

[tools.bun."platforms.linux-x64-musl-baseline"]
checksum = "sha256:618c4bc1f94b02337ee210003c0b7c066f11548a8cdc5109df10db043dc47ca2"
url = "https://github.com/oven-sh/bun/releases/download/bun-v1.4.0/bun-linux-x64-musl-baseline.zip"

[tools.bun."platforms.macos-arm64"]
checksum = "sha256:c669e97f6164e1c96e0701748db98dfa77492908cbd8394c7557134a735de381"
url = "https://github.com/oven-sh/bun/releases/download/bun-v1.4.0/bun-darwin-aarch64.zip"

[tools.bun."platforms.macos-x64"]
checksum = "sha256:1d0211b8f1dc991182344687ad15e72ee86f154845a5f7fa477994cd341dd9b0"
url = "https://github.com/oven-sh/bun/releases/download/bun-v1.4.0/bun-darwin-x64.zip"

[tools.bun."platforms.macos-x64-baseline"]
checksum = "sha256:da9b9f1b4ba766c6f299711f38dfaa98623e1ed9c40896aa53db803c52ec1fa0"
url = "https://github.com/oven-sh/bun/releases/download/bun-v1.4.0/bun-darwin-x64-baseline.zip"

[tools.bun."platforms.windows-x64"]
checksum = "sha256:e6f093d39da486b20262ca8cdd5ed6a9e8bc9c2f275b78e6d3a0c5b28cc95901"
url = "https://github.com/oven-sh/bun/releases/download/bun-v1.4.0/bun-windows-x64.zip"

[tools.bun."platforms.windows-x64-baseline"]
checksum = "sha256:b929c54a9badb104a16dedd23aab6152c86793ae653d4e6b13983ffd0c882a66"
url = "https://github.com/oven-sh/bun/releases/download/bun-v1.4.0/bun-windows-x64-baseline.zip"

[[tools.dust]]
version = "1.2.5"
backend = "aqua:bootandy/dust"

[tools.dust."platforms.linux-arm64"]
checksum = "sha256:331b328233a70e56f0509ff962b2a6ea606eb2e654ce8a0e9a3bebe1bd54a2be"
url = "https://github.com/bootandy/dust/releases/download/v1.2.5/dust-v1.2.5-aarch64-unknown-linux-musl.tar.gz"
url_api = "https://api.github.com/repos/bootandy/dust/releases/assets/521290452"

[tools.dust."platforms.linux-arm64-musl"]
checksum = "sha256:331b328233a70e56f0509ff962b2a6ea606eb2e654ce8a0e9a3bebe1bd54a2be"
url = "https://github.com/bootandy/dust/releases/download/v1.2.5/dust-v1.2.5-aarch64-unknown-linux-musl.tar.gz"
url_api = "https://api.github.com/repos/bootandy/dust/releases/assets/521290452"

[tools.dust."platforms.linux-x64"]
checksum = "sha256:79813b5743fab1e04c1d9c34042aab865dbe09efb76719e7c7d260568850fabc"
url = "https://github.com/bootandy/dust/releases/download/v1.2.5/dust-v1.2.5-x86_64-unknown-linux-musl.tar.gz"
url_api = "https://api.github.com/repos/bootandy/dust/releases/assets/521291194"

[tools.dust."platforms.linux-x64-musl"]
checksum = "sha256:79813b5743fab1e04c1d9c34042aab865dbe09efb76719e7c7d260568850fabc"
url = "https://github.com/bootandy/dust/releases/download/v1.2.5/dust-v1.2.5-x86_64-unknown-linux-musl.tar.gz"
url_api = "https://api.github.com/repos/bootandy/dust/releases/assets/521291194"

[tools.dust."platforms.macos-arm64"]
checksum = "sha256:29566236d7a5e2afbc3fcf2d365845a4eaf0fc969a4ed9f8b878bc1a4fc7d2b8"
url = "https://github.com/bootandy/dust/releases/download/v1.2.5/dust-v1.2.5-x86_64-apple-darwin.tar.gz"
url_api = "https://api.github.com/repos/bootandy/dust/releases/assets/521290141"

[tools.dust."platforms.macos-x64"]
checksum = "sha256:29566236d7a5e2afbc3fcf2d365845a4eaf0fc969a4ed9f8b878bc1a4fc7d2b8"
url = "https://github.com/bootandy/dust/releases/download/v1.2.5/dust-v1.2.5-x86_64-apple-darwin.tar.gz"
url_api = "https://api.github.com/repos/bootandy/dust/releases/assets/521290141"

[tools.dust."platforms.windows-x64"]
checksum = "sha256:b2731d92066d5787a106c0c835b96c6a4ba186d81abc0ead0a906f75d5f09aee"
url = "https://github.com/bootandy/dust/releases/download/v1.2.5/dust-v1.2.5-x86_64-pc-windows-msvc.zip"
url_api = "https://api.github.com/repos/bootandy/dust/releases/assets/521291124"

[[tools.eza]]
version = "0.23.5"
backend = "vfox:eza"

[tools.eza."platforms.linux-arm64"]
url = "https://github.com/eza-community/eza/releases/download/v0.23.5/eza_aarch64-unknown-linux-gnu.tar.gz"

[tools.eza."platforms.linux-arm64-musl"]
url = "https://github.com/eza-community/eza/releases/download/v0.23.5/eza_aarch64-unknown-linux-gnu.tar.gz"

[tools.eza."platforms.linux-x64"]
url = "https://github.com/eza-community/eza/releases/download/v0.23.5/eza_x86_64-unknown-linux-gnu.tar.gz"

[tools.eza."platforms.linux-x64-musl"]
url = "https://github.com/eza-community/eza/releases/download/v0.23.5/eza_x86_64-unknown-linux-gnu.tar.gz"

[tools.eza."platforms.macos-arm64"]
url = "https://github.com/cargo-bins/cargo-quickinstall/releases/download/eza-0.23.5/eza-0.23.5-aarch64-apple-darwin.tar.gz"

[tools.eza."platforms.macos-x64"]
url = "https://github.com/cargo-bins/cargo-quickinstall/releases/download/eza-0.23.5/eza-0.23.5-x86_64-apple-darwin.tar.gz"

[tools.eza."platforms.windows-x64"]
url = "https://github.com/eza-community/eza/releases/download/v0.23.5/eza.exe_x86_64-pc-windows-gnu.tar.gz"

[[tools.fd]]
version = "10.5.0"
backend = "aqua:sharkdp/fd"

[tools.fd."platforms.linux-arm64"]
checksum = "sha256:d76c4317f7d5dba69f8a2a15856c90c777e7f0dd4e85f0de8c76de6992c374d4"
url = "https://github.com/sharkdp/fd/releases/download/v10.5.0/fd-v10.5.0-aarch64-unknown-linux-musl.tar.gz"
url_api = "https://api.github.com/repos/sharkdp/fd/releases/assets/530481810"

[tools.fd."platforms.linux-arm64-musl"]
checksum = "sha256:d76c4317f7d5dba69f8a2a15856c90c777e7f0dd4e85f0de8c76de6992c374d4"
url = "https://github.com/sharkdp/fd/releases/download/v10.5.0/fd-v10.5.0-aarch64-unknown-linux-musl.tar.gz"
url_api = "https://api.github.com/repos/sharkdp/fd/releases/assets/530481810"

[tools.fd."platforms.linux-x64"]
checksum = "sha256:761c72dc8e120d85b22292063be8a796e2eeb20eb3e4f38b8fa2343ccf3514a7"
url = "https://github.com/sharkdp/fd/releases/download/v10.5.0/fd-v10.5.0-x86_64-unknown-linux-musl.tar.gz"
url_api = "https://api.github.com/repos/sharkdp/fd/releases/assets/530481315"

[tools.fd."platforms.linux-x64-musl"]
checksum = "sha256:761c72dc8e120d85b22292063be8a796e2eeb20eb3e4f38b8fa2343ccf3514a7"
url = "https://github.com/sharkdp/fd/releases/download/v10.5.0/fd-v10.5.0-x86_64-unknown-linux-musl.tar.gz"
url_api = "https://api.github.com/repos/sharkdp/fd/releases/assets/530481315"

[tools.fd."platforms.macos-arm64"]
checksum = "sha256:b67e1836c468e42e411984b56e52fa7abec08c2bd22c867398e7cc134aac5e12"
url = "https://github.com/sharkdp/fd/releases/download/v10.5.0/fd-v10.5.0-aarch64-apple-darwin.tar.gz"
url_api = "https://api.github.com/repos/sharkdp/fd/releases/assets/530481346"

[tools.fd."platforms.windows-x64"]
checksum = "sha256:a227701b8551c35a9931d9f6da75503cf86d88e182d71fb849a70864c5d57cd7"
url = "https://github.com/sharkdp/fd/releases/download/v10.5.0/fd-v10.5.0-x86_64-pc-windows-msvc.zip"
url_api = "https://api.github.com/repos/sharkdp/fd/releases/assets/530482901"

[[tools.fzf]]
version = "0.74.3"
backend = "aqua:junegunn/fzf"

[tools.fzf."platforms.linux-arm64"]
checksum = "sha256:4a17a17b46bd0c4873e995533de508995c11572c0be0664a5dbcf13f60463046"
url = "https://github.com/junegunn/fzf/releases/download/v0.74.3/fzf-0.74.3-linux_arm64.tar.gz"
url_api = "https://api.github.com/repos/junegunn/fzf/releases/assets/517537065"

[tools.fzf."platforms.linux-arm64-musl"]
checksum = "sha256:4a17a17b46bd0c4873e995533de508995c11572c0be0664a5dbcf13f60463046"
url = "https://github.com/junegunn/fzf/releases/download/v0.74.3/fzf-0.74.3-linux_arm64.tar.gz"
url_api = "https://api.github.com/repos/junegunn/fzf/releases/assets/517537065"

[tools.fzf."platforms.linux-x64"]
checksum = "sha256:3501a595e4b5c40a6b047340a0e8f805c46fd4e61ef95ef8a136ba8c61cf6f22"
url = "https://github.com/junegunn/fzf/releases/download/v0.74.3/fzf-0.74.3-linux_amd64.tar.gz"
url_api = "https://api.github.com/repos/junegunn/fzf/releases/assets/517537066"

[tools.fzf."platforms.linux-x64-musl"]
checksum = "sha256:3501a595e4b5c40a6b047340a0e8f805c46fd4e61ef95ef8a136ba8c61cf6f22"
url = "https://github.com/junegunn/fzf/releases/download/v0.74.3/fzf-0.74.3-linux_amd64.tar.gz"
url_api = "https://api.github.com/repos/junegunn/fzf/releases/assets/517537066"

[tools.fzf."platforms.macos-arm64"]
checksum = "sha256:1f8501cea4f9c0c2d6110d0ff75d0ec9451cd9d7524d9a26244a154ea89f3bd5"
url = "https://github.com/junegunn/fzf/releases/download/v0.74.3/fzf-0.74.3-darwin_arm64.tar.gz"
url_api = "https://api.github.com/repos/junegunn/fzf/releases/assets/517537091"

[tools.fzf."platforms.macos-x64"]
checksum = "sha256:b8a231250eedec244539ade3dc437bcd60e545a099c6cc0c8a11bdbd8574b9bc"
url = "https://github.com/junegunn/fzf/releases/download/v0.74.3/fzf-0.74.3-darwin_amd64.tar.gz"
url_api = "https://api.github.com/repos/junegunn/fzf/releases/assets/517537094"

[tools.fzf."platforms.windows-x64"]
checksum = "sha256:cf5c137d9b391c3988c54af8f5fc490ffbef6f70444651e7d57fdb45ad04c8bd"
url = "https://github.com/junegunn/fzf/releases/download/v0.74.3/fzf-0.74.3-windows_amd64.zip"
url_api = "https://api.github.com/repos/junegunn/fzf/releases/assets/517537078"

[[tools."github:YS-L/csvlens"]]
version = "0.15.1"
backend = "github:YS-L/csvlens"

[tools."github:YS-L/csvlens"."platforms.linux-arm64"]
checksum = "sha256:7671466036ebc22b1b9b958890a638fd21a06452137fb9ca1321448e5afea7ad"
url = "https://github.com/YS-L/csvlens/releases/download/v0.15.1/csvlens-aarch64-unknown-linux-gnu.tar.xz"
url_api = "https://api.github.com/repos/YS-L/csvlens/releases/assets/337979717"

[tools."github:YS-L/csvlens"."platforms.linux-arm64-musl"]
checksum = "sha256:7671466036ebc22b1b9b958890a638fd21a06452137fb9ca1321448e5afea7ad"
url = "https://github.com/YS-L/csvlens/releases/download/v0.15.1/csvlens-aarch64-unknown-linux-gnu.tar.xz"
url_api = "https://api.github.com/repos/YS-L/csvlens/releases/assets/337979717"

[[tools."github:uutils/coreutils"]]
version = "0.10.0"
backend = "github:uutils/coreutils"

[tools."github:uutils/coreutils"."platforms.linux-arm64"]
checksum = "sha256:857175f6374cba41174fb45c2718b805a4eb021c83e4d160eb3dcd613cb565f1"
url = "https://github.com/uutils/coreutils/releases/download/0.10.0/coreutils-0.10.0-aarch64-unknown-linux-musl.tar.gz"
url_api = "https://api.github.com/repos/uutils/coreutils/releases/assets/503088197"

[tools."github:uutils/coreutils"."platforms.linux-arm64-musl"]
checksum = "sha256:857175f6374cba41174fb45c2718b805a4eb021c83e4d160eb3dcd613cb565f1"
url = "https://github.com/uutils/coreutils/releases/download/0.10.0/coreutils-0.10.0-aarch64-unknown-linux-musl.tar.gz"
url_api = "https://api.github.com/repos/uutils/coreutils/releases/assets/503088197"

[tools."github:uutils/coreutils"."platforms.linux-x64"]
checksum = "sha256:b6169142090587b95e7aee3e47185aa3bb2aa4578b31578c9f4142fb06ed5487"
url = "https://github.com/uutils/coreutils/releases/download/0.10.0/coreutils-0.10.0-x86_64-unknown-linux-gnu.tar.gz"
url_api = "https://api.github.com/repos/uutils/coreutils/releases/assets/503090563"

[tools."github:uutils/coreutils"."platforms.linux-x64-musl"]
checksum = "sha256:adc1f8b15b58ee12ca9ac9db032637dc49964551663e5d5f233db72810556cb3"
url = "https://github.com/uutils/coreutils/releases/download/0.10.0/coreutils-0.10.0-x86_64-unknown-linux-musl.tar.gz"
url_api = "https://api.github.com/repos/uutils/coreutils/releases/assets/503092836"

[tools."github:uutils/coreutils"."platforms.macos-arm64"]
checksum = "sha256:16092a31b57b1fce0e0acc03f32c80157a230956bded3760e728ca1157e87471"
url = "https://github.com/uutils/coreutils/releases/download/0.10.0/coreutils-0.10.0-aarch64-apple-darwin.tar.gz"
url_api = "https://api.github.com/repos/uutils/coreutils/releases/assets/503100333"

[tools."github:uutils/coreutils"."platforms.macos-x64"]
checksum = "sha256:7961ea69213380ace31f6ba25d6da6a2482541872427e10f90c3a9fa4528d290"
url = "https://github.com/uutils/coreutils/releases/download/0.10.0/coreutils-0.10.0-x86_64-apple-darwin.tar.gz"
url_api = "https://api.github.com/repos/uutils/coreutils/releases/assets/503124314"

[tools."github:uutils/coreutils"."platforms.windows-x64"]
checksum = "sha256:0510b85218e416e249c3daf6ebdc2c177f4af114a9dc4a3752ceaf35bd2dc567"
url = "https://github.com/uutils/coreutils/releases/download/0.10.0/coreutils-0.10.0-x86_64-pc-windows-msvc.zip"
url_api = "https://api.github.com/repos/uutils/coreutils/releases/assets/503100458"

[[tools.neovim]]
version = "0.12.5"
backend = "vfox:mise-plugins/vfox-neovim"

[tools.neovim."platforms.linux-arm64"]
url = "https://github.com/neovim/neovim/releases/download/v0.12.5/nvim-linux-arm64.tar.gz"

[tools.neovim."platforms.linux-arm64-musl"]
url = "https://github.com/neovim/neovim/releases/download/v0.12.5/nvim-linux-arm64.tar.gz"

[tools.neovim."platforms.linux-x64"]
url = "https://github.com/neovim/neovim/releases/download/v0.12.5/nvim-linux-x86_64.tar.gz"

[tools.neovim."platforms.linux-x64-musl"]
url = "https://github.com/neovim/neovim/releases/download/v0.12.5/nvim-linux-x86_64.tar.gz"

[tools.neovim."platforms.macos-arm64"]
url = "https://github.com/neovim/neovim/releases/download/v0.12.5/nvim-macos-arm64.tar.gz"

[tools.neovim."platforms.macos-x64"]
url = "https://github.com/neovim/neovim/releases/download/v0.12.5/nvim-macos-x86_64.tar.gz"

[tools.neovim."platforms.windows-x64"]
url = "https://github.com/neovim/neovim/releases/download/v0.12.5/nvim-win64.zip"

[[tools.ripgrep]]
version = "15.2.0"
backend = "aqua:BurntSushi/ripgrep"

[tools.ripgrep."platforms.linux-arm64"]
checksum = "sha256:a740b91c82eaf9914cfedd353572f2791cbe0162c84101ee0951058f4dcbc90d"
url = "https://github.com/BurntSushi/ripgrep/releases/download/15.2.0/ripgrep-15.2.0-aarch64-unknown-linux-gnu.tar.gz"
url_api = "https://api.github.com/repos/BurntSushi/ripgrep/releases/assets/478119579"

[tools.ripgrep."platforms.linux-arm64-musl"]
checksum = "sha256:800b1e7206afe799dfb5a6901f23147cfaabe0e52210538100f61e86e1740915"
url = "https://github.com/BurntSushi/ripgrep/releases/download/15.2.0/ripgrep-15.2.0-aarch64-unknown-linux-musl.tar.gz"
url_api = "https://api.github.com/repos/BurntSushi/ripgrep/releases/assets/478120060"

[tools.ripgrep."platforms.linux-x64"]
checksum = "sha256:33e15bcf1624b25cdd2a55813a47a2f95dbe126268203e76aa6a585d1e7b149c"
url = "https://github.com/BurntSushi/ripgrep/releases/download/15.2.0/ripgrep-15.2.0-x86_64-unknown-linux-musl.tar.gz"
url_api = "https://api.github.com/repos/BurntSushi/ripgrep/releases/assets/478120097"

[tools.ripgrep."platforms.linux-x64-musl"]
checksum = "sha256:33e15bcf1624b25cdd2a55813a47a2f95dbe126268203e76aa6a585d1e7b149c"
url = "https://github.com/BurntSushi/ripgrep/releases/download/15.2.0/ripgrep-15.2.0-x86_64-unknown-linux-musl.tar.gz"
url_api = "https://api.github.com/repos/BurntSushi/ripgrep/releases/assets/478120097"

[tools.ripgrep."platforms.macos-arm64"]
checksum = "sha256:3750b2e93f37e0c692657da574d7019a101c0084da05a790c83fd335bad973e4"
url = "https://github.com/BurntSushi/ripgrep/releases/download/15.2.0/ripgrep-15.2.0-aarch64-apple-darwin.tar.gz"
url_api = "https://api.github.com/repos/BurntSushi/ripgrep/releases/assets/478118851"

[tools.ripgrep."platforms.macos-x64"]
checksum = "sha256:af7825fcc69a2afc7a7aea55fc9af90e26421d8f20fe59df32e233c0b8a231c1"
url = "https://github.com/BurntSushi/ripgrep/releases/download/15.2.0/ripgrep-15.2.0-x86_64-apple-darwin.tar.gz"
url_api = "https://api.github.com/repos/BurntSushi/ripgrep/releases/assets/478119585"

[tools.ripgrep."platforms.windows-x64"]
checksum = "sha256:71b2fef860abe467217a538ff31de02f5258807c0129f771846f87bd029aafc5"
url = "https://github.com/BurntSushi/ripgrep/releases/download/15.2.0/ripgrep-15.2.0-x86_64-pc-windows-msvc.zip"
url_api = "https://api.github.com/repos/BurntSushi/ripgrep/releases/assets/478119643"

[[tools.ruff]]
version = "0.16.4"
backend = "aqua:astral-sh/ruff"

[tools.ruff."platforms.linux-arm64"]
checksum = "sha256:2b828176fed3fa23361accb749e305f804bb050395a05ed96c769a8fd4c8e440"
url = "https://github.com/astral-sh/ruff/releases/download/0.16.4/ruff-aarch64-unknown-linux-musl.tar.gz"
url_api = "https://api.github.com/repos/astral-sh/ruff/releases/assets/522579267"
provenance = "github-attestations"

[tools.ruff."platforms.linux-arm64-musl"]
checksum = "sha256:2b828176fed3fa23361accb749e305f804bb050395a05ed96c769a8fd4c8e440"
url = "https://github.com/astral-sh/ruff/releases/download/0.16.4/ruff-aarch64-unknown-linux-musl.tar.gz"
url_api = "https://api.github.com/repos/astral-sh/ruff/releases/assets/522579267"
provenance = "github-attestations"

[tools.ruff."platforms.linux-x64"]
checksum = "sha256:0c2a1616b0782dbf7ee04239576887c4c894277189e04ba94ff3160eba9c1863"
url = "https://github.com/astral-sh/ruff/releases/download/0.16.4/ruff-x86_64-unknown-linux-musl.tar.gz"
url_api = "https://api.github.com/repos/astral-sh/ruff/releases/assets/522579390"
provenance = "github-attestations"

[tools.ruff."platforms.linux-x64-musl"]
checksum = "sha256:0c2a1616b0782dbf7ee04239576887c4c894277189e04ba94ff3160eba9c1863"
url = "https://github.com/astral-sh/ruff/releases/download/0.16.4/ruff-x86_64-unknown-linux-musl.tar.gz"
url_api = "https://api.github.com/repos/astral-sh/ruff/releases/assets/522579390"
provenance = "github-attestations"

[tools.ruff."platforms.macos-arm64"]
checksum = "sha256:b4ad832b7734592aa1c6710dbc15277ed9d3d54c8bd44bb25bb7b14ae9098b88"
url = "https://github.com/astral-sh/ruff/releases/download/0.16.4/ruff-aarch64-apple-darwin.tar.gz"

url_api = "https://api.github.com/repos/astral-sh/ruff/releases/assets/522579257"
provenance = "github-attestations"

[tools.ruff."platforms.macos-x64"]
checksum = "sha256:233b7368e00b25064abd0db19f7cb1b43117fef41d7106170e6ffec50a0201ca"
url = "https://github.com/astral-sh/ruff/releases/download/0.16.4/ruff-x86_64-apple-darwin.tar.gz"
url_api = "https://api.github.com/repos/astral-sh/ruff/releases/assets/522579364"
provenance = "github-attestations"

[tools.ruff."platforms.windows-x64"]
checksum = "sha256:5e3a9521e568fd925d554abd606f40bb51e59327c28db716eb3faf2c5b6ce123"
url = "https://github.com/astral-sh/ruff/releases/download/0.16.4/ruff-x86_64-pc-windows-msvc.zip"
url_api = "https://api.github.com/repos/astral-sh/ruff/releases/assets/522579370"
provenance = "github-attestations"

[[tools.starship]]
version = "1.26.0"
backend = "aqua:starship/starship"

[tools.starship."platforms.linux-arm64"]
checksum = "sha256:dc30189378d2f2e287384e8a692d3f95ad1df64cf0e8c36aa9201516028aed6b"
url = "https://github.com/starship/starship/releases/download/v1.26.0/starship-aarch64-unknown-linux-musl.tar.gz"
url_api = "https://api.github.com/repos/starship/starship/releases/assets/460374586"

[tools.starship."platforms.linux-arm64-musl"]
checksum = "sha256:dc30189378d2f2e287384e8a692d3f95ad1df64cf0e8c36aa9201516028aed6b"
url = "https://github.com/starship/starship/releases/download/v1.26.0/starship-aarch64-unknown-linux-musl.tar.gz"
url_api = "https://api.github.com/repos/starship/starship/releases/assets/460374586"

[tools.starship."platforms.linux-x64"]
checksum = "sha256:b7c232b0e8249d8e55a40beb79c5c43a7d370f3f9408bd215deb0170daeaadf3"
url = "https://github.com/starship/starship/releases/download/v1.26.0/starship-x86_64-unknown-linux-musl.tar.gz"
url_api = "https://api.github.com/repos/starship/starship/releases/assets/460374630"

[tools.starship."platforms.linux-x64-musl"]
checksum = "sha256:b7c232b0e8249d8e55a40beb79c5c43a7d370f3f9408bd215deb0170daeaadf3"
url = "https://github.com/starship/starship/releases/download/v1.26.0/starship-x86_64-unknown-linux-musl.tar.gz"
url_api = "https://api.github.com/repos/starship/starship/releases/assets/460374630"

[tools.starship."platforms.macos-arm64"]
checksum = "sha256:c40b27b11f580411e068f2fa6c1be7830a387c0bc47a94d1d37f32b054c5361d"
url = "https://github.com/starship/starship/releases/download/v1.26.0/starship-aarch64-apple-darwin.tar.gz"
url_api = "https://api.github.com/repos/starship/starship/releases/assets/460374577"

[tools.starship."platforms.macos-x64"]
checksum = "sha256:5548f406a4b6f5695903bdea83f77ce47ec12c8c0e62dabd33122d8f133e4207"
url = "https://github.com/starship/starship/releases/download/v1.26.0/starship-x86_64-apple-darwin.tar.gz"
url_api = "https://api.github.com/repos/starship/starship/releases/assets/460374608"

[tools.starship."platforms.windows-x64"]
checksum = "sha256:690021e22f2bf2c57d5867dc0fababe5e55e714c26942bd909ffddb6c5df42f2"
url = "https://github.com/starship/starship/releases/download/v1.26.0/starship-x86_64-pc-windows-msvc.zip"
url_api = "https://api.github.com/repos/starship/starship/releases/assets/460374615"

[[tools.uv]]
version = "0.12.6"
backend = "aqua:astral-sh/uv"

[tools.uv."platforms.linux-arm64"]
checksum = "sha256:3719891de9ab41c878a84331e55826d2a46421976a346a65326513a6795b089a"
url = "https://github.com/astral-sh/uv/releases/download/0.12.6/uv-aarch64-unknown-linux-musl.tar.gz"
url_api = "https://api.github.com/repos/astral-sh/uv/releases/assets/529690733"
provenance = "github-attestations"

[tools.uv."platforms.linux-arm64-musl"]
checksum = "sha256:3719891de9ab41c878a84331e55826d2a46421976a346a65326513a6795b089a"
url = "https://github.com/astral-sh/uv/releases/download/0.12.6/uv-aarch64-unknown-linux-musl.tar.gz"
url_api = "https://api.github.com/repos/astral-sh/uv/releases/assets/529690733"
provenance = "github-attestations"

[tools.uv."platforms.linux-x64"]
checksum = "sha256:14e4172aace66a475062cebec7ca04f497d5619e95325dfcc9e4447b9c516846"
url = "https://github.com/astral-sh/uv/releases/download/0.12.6/uv-x86_64-unknown-linux-musl.tar.gz"
url_api = "https://api.github.com/repos/astral-sh/uv/releases/assets/529690844"
provenance = "github-attestations"

[tools.uv."platforms.linux-x64-musl"]
checksum = "sha256:14e4172aace66a475062cebec7ca04f497d5619e95325dfcc9e4447b9c516846"
url = "https://github.com/astral-sh/uv/releases/download/0.12.6/uv-x86_64-unknown-linux-musl.tar.gz"
url_api = "https://api.github.com/repos/astral-sh/uv/releases/assets/529690844"
provenance = "github-attestations"

[tools.uv."platforms.macos-arm64"]
checksum = "sha256:14b459d51ea2e71eeba28c45a268c922bdf8607fc6455e3f40b4e082895d160d"
url = "https://github.com/astral-sh/uv/releases/download/0.12.6/uv-aarch64-apple-darwin.tar.gz"
url_api = "https://api.github.com/repos/astral-sh/uv/releases/assets/529690707"
provenance = "github-attestations"

[tools.uv."platforms.macos-x64"]
checksum = "sha256:2a26ea71bbeff1c7e12c2cc40245c96a041deff276bc921e7038e304d5d3e04c"
url = "https://github.com/astral-sh/uv/releases/download/0.12.6/uv-x86_64-apple-darwin.tar.gz"
url_api = "https://api.github.com/repos/astral-sh/uv/releases/assets/529690817"
provenance = "github-attestations"

[tools.uv."platforms.windows-x64"]
checksum = "sha256:df7cb9f243eae1621400d4fcf5b1b3d90f20e264ece91b64deb3b0078abca6ef"
url = "https://github.com/astral-sh/uv/releases/download/0.12.6/uv-x86_64-pc-windows-msvc.zip"
url_api = "https://api.github.com/repos/astral-sh/uv/releases/assets/529690826"
provenance = "github-attestations"

[[tools.yazi]]
version = "26.8.15"
backend = "aqua:sxyazi/yazi"

[tools.yazi."platforms.linux-arm64"]
checksum = "sha256:dfaafadd3a80a18ccbd24c32be4888178202ea96f784a9b1021d526c908cab4b"
url = "https://github.com/sxyazi/yazi/releases/download/v26.8.15/yazi-aarch64-unknown-linux-musl.zip"
url_api = "https://api.github.com/repos/sxyazi/yazi/releases/assets/515472937"

[tools.yazi."platforms.linux-arm64-musl"]
checksum = "sha256:dfaafadd3a80a18ccbd24c32be4888178202ea96f784a9b1021d526c908cab4b"
url = "https://github.com/sxyazi/yazi/releases/download/v26.8.15/yazi-aarch64-unknown-linux-musl.zip"
url_api = "https://api.github.com/repos/sxyazi/yazi/releases/assets/515472937"

[tools.yazi."platforms.linux-x64"]
checksum = "sha256:a6702034790afcdbb546b73b288c9b184a751fa3f2f17f0ad4d26fc302fb8d45"
url = "https://github.com/sxyazi/yazi/releases/download/v26.8.15/yazi-x86_64-unknown-linux-musl.zip"
url_api = "https://api.github.com/repos/sxyazi/yazi/releases/assets/515472939"

[tools.yazi."platforms.linux-x64-musl"]
checksum = "sha256:a6702034790afcdbb546b73b288c9b184a751fa3f2f17f0ad4d26fc302fb8d45"
url = "https://github.com/sxyazi/yazi/releases/download/v26.8.15/yazi-x86_64-unknown-linux-musl.zip"
url_api = "https://api.github.com/repos/sxyazi/yazi/releases/assets/515472939"

[tools.yazi."platforms.macos-arm64"]
checksum = "sha256:3f54907ea08abe96506f4b22239340ed8923a6aeaeae78f33d59bce57daca4cd"
url = "https://github.com/sxyazi/yazi/releases/download/v26.8.15/yazi-aarch64-apple-darwin.zip"
url_api = "https://api.github.com/repos/sxyazi/yazi/releases/assets/515472942"

[tools.yazi."platforms.macos-x64"]
checksum = "sha256:70bb2bcf57d8af862a54e2d12f2fddceefb9aa4ba3783e9a4dcbf2a8e64aacb3"
url = "https://github.com/sxyazi/yazi/releases/download/v26.8.15/yazi-x86_64-apple-darwin.zip"
url_api = "https://api.github.com/repos/sxyazi/yazi/releases/assets/515472934"

[tools.yazi."platforms.windows-x64"]
checksum = "sha256:451f6770999fa8f9b08e6c9f94a688c263b6d3007b0944c4407f1ae335eace30"
url = "https://github.com/sxyazi/yazi/releases/download/v26.8.15/yazi-x86_64-pc-windows-msvc.zip"
url_api = "https://api.github.com/repos/sxyazi/yazi/releases/assets/515472935"

[[tools.zoxide]]
version = "0.10.0"
backend = "aqua:ajeetdsouza/zoxide"

[tools.zoxide."platforms.linux-arm64"]
checksum = "sha256:f1f16c5d6298d63dee467eedea1cdcd8490e43e493bea43acd416dc9033ef641"
url = "https://github.com/ajeetdsouza/zoxide/releases/download/v0.10.0/zoxide-0.10.0-aarch64-unknown-linux-musl.tar.gz"
url_api = "https://api.github.com/repos/ajeetdsouza/zoxide/releases/assets/466316402"

[tools.zoxide."platforms.linux-arm64-musl"]
checksum = "sha256:f1f16c5d6298d63dee467eedea1cdcd8490e43e493bea43acd416dc9033ef641"
url = "https://github.com/ajeetdsouza/zoxide/releases/download/v0.10.0/zoxide-0.10.0-aarch64-unknown-linux-musl.tar.gz"
url_api = "https://api.github.com/repos/ajeetdsouza/zoxide/releases/assets/466316402"

[tools.zoxide."platforms.linux-x64"]
checksum = "sha256:2d93385b99f3e82cf2701609a1bffcad863fbeb75aa3fe7eb6be4d29be68b1ae"
url = "https://github.com/ajeetdsouza/zoxide/releases/download/v0.10.0/zoxide-0.10.0-x86_64-unknown-linux-musl.tar.gz"
url_api = "https://api.github.com/repos/ajeetdsouza/zoxide/releases/assets/466316293"

[tools.zoxide."platforms.linux-x64-musl"]
checksum = "sha256:2d93385b99f3e82cf2701609a1bffcad863fbeb75aa3fe7eb6be4d29be68b1ae"
url = "https://github.com/ajeetdsouza/zoxide/releases/download/v0.10.0/zoxide-0.10.0-x86_64-unknown-linux-musl.tar.gz"
url_api = "https://api.github.com/repos/ajeetdsouza/zoxide/releases/assets/466316293"

[tools.zoxide."platforms.macos-arm64"]
checksum = "sha256:b55ae6f2f5f23d0a6ccb3bd4eeb2af9c7e0a6556e5255c82100e40305129bbb0"
url = "https://github.com/ajeetdsouza/zoxide/releases/download/v0.10.0/zoxide-0.10.0-aarch64-apple-darwin.tar.gz"
url_api = "https://api.github.com/repos/ajeetdsouza/zoxide/releases/assets/466316174"

[tools.zoxide."platforms.macos-x64"]
checksum = "sha256:18ab7ae2633ad6e2ab79a4e665cbba1e95b7c872d44523326efb793202451dad"
url = "https://github.com/ajeetdsouza/zoxide/releases/download/v0.10.0/zoxide-0.10.0-x86_64-apple-darwin.tar.gz"
url_api = "https://api.github.com/repos/ajeetdsouza/zoxide/releases/assets/466316167"

[tools.zoxide."platforms.windows-x64"]
checksum = "sha256:f465ae548f8754c8e7edbc60b45fbf58c92bfe123db83d790252d6810fa5daf1"
url = "https://github.com/ajeetdsouza/zoxide/releases/download/v0.10.0/zoxide-0.10.0-x86_64-pc-windows-msvc.zip"
url_api = "https://api.github.com/repos/ajeetdsouza/zoxide/releases/assets/466316769"

